
Microsoft Visual Studio Solution File, Format Version 12.00
# Visual Studio 15
VisualStudioVersion = 15.0.27130.2036
MinimumVisualStudioVersion = 15.0.26124.0
Project("{9A19103F-16F7-4668-BE54-9A1E7A4F7556}") = "LiveCharts.Core", "LiveCharts.Core\LiveCharts.Core.csproj", "{8CAF054C-FB7C-405B-889D-59048650F4B4}"
EndProject
Project("{FAE04EC0-301F-11D3-BF4B-00C04F79EFBC}") = "LiveCharts.Wpf", "LiveCharts.Wpf\LiveCharts.Wpf.csproj", "{5D63B51D-7E4D-4868-8CEF-DB2419718CEA}"
EndProject
Project("{2150E333-8FDC-42A3-9474-1A3956D46DE8}") = "Samples", "Samples", "{101FAF12-0301-4572-959A-3E0C54ED991E}"
EndProject
Project("{9A19103F-16F7-4668-BE54-9A1E7A4F7556}") = "Assets", "samples\Assets\Assets.csproj", "{742595A2-5344-4E28-AFD5-6BDCF7A9B729}"
EndProject
Project("{FAE04EC0-301F-11D3-BF4B-00C04F79EFBC}") = "Samples.Wpf", "samples\Samples.Wpf\Samples.Wpf.csproj", "{CC5D03FB-99BB-4FD0-A2CA-ECCE983454CC}"
EndProject
Project("{2150E333-8FDC-42A3-9474-1A3956D46DE8}") = "Solution Items", "Solution Items", "{B64764B8-29BC-4DA1-B181-2EED78E89D1B}"
	ProjectSection(SolutionItems) = preProject
		..\.gitattributes = ..\.gitattributes
		..\.gitignore = ..\.gitignore
		..\LICENSE.TXT = ..\LICENSE.TXT
		..\README.md = ..\README.md
	EndProjectSection
EndProject
Global
	GlobalSection(SolutionConfigurationPlatforms) = preSolution
		Debug|Any CPU = Debug|Any CPU
		Debug|x64 = Debug|x64
		Debug|x86 = Debug|x86
		Release|Any CPU = Release|Any CPU
		Release|x64 = Release|x64
		Release|x86 = Release|x86
	EndGlobalSection
	GlobalSection(ProjectConfigurationPlatforms) = postSolution
		{8CAF054C-FB7C-405B-889D-59048650F4B4}.Debug|Any CPU.ActiveCfg = Debug|Any CPU
		{8CAF054C-FB7C-405B-889D-59048650F4B4}.Debug|Any CPU.Build.0 = Debug|Any CPU
		{8CAF054C-FB7C-405B-889D-59048650F4B4}.Debug|x64.ActiveCfg = Debug|Any CPU
		{8CAF054C-FB7C-405B-889D-59048650F4B4}.Debug|x64.Build.0 = Debug|Any CPU
		{8CAF054C-FB7C-405B-889D-59048650F4B4}.Debug|x86.ActiveCfg = Debug|Any CPU
		{8CAF054C-FB7C-405B-889D-59048650F4B4}.Debug|x86.Build.0 = Debug|Any CPU
		{8CAF054C-FB7C-405B-889D-59048650F4B4}.Release|Any CPU.ActiveCfg = Release|Any CPU
		{8CAF054C-FB7C-405B-889D-59048650F4B4}.Release|Any CPU.Build.0 = Release|Any CPU
		{8CAF054C-FB7C-405B-889D-59048650F4B4}.Release|x64.ActiveCfg = Release|Any CPU
		{8CAF054C-FB7C-405B-889D-59048650F4B4}.Release|x64.Build.0 = Release|Any CPU
		{8CAF054C-FB7C-405B-889D-59048650F4B4}.Release|x86.ActiveCfg = Release|Any CPU
		{8CAF054C-FB7C-405B-889D-59048650F4B4}.Release|x86.Build.0 = Release|Any CPU
		{5D63B51D-7E4D-4868-8CEF-DB2419718CEA}.Debug|Any CPU.ActiveCfg = Debug|Any CPU
		{5D63B51D-7E4D-4868-8CEF-DB2419718CEA}.Debug|Any CPU.Build.0 = Debug|Any CPU
		{5D63B51D-7E4D-4868-8CEF-DB2419718CEA}.Debug|x64.ActiveCfg = Debug|Any CPU
		{5D63B51D-7E4D-4868-8CEF-DB2419718CEA}.Debug|x64.Build.0 = Debug|Any CPU
		{5D63B51D-7E4D-4868-8CEF-DB2419718CEA}.Debug|x86.ActiveCfg = Debug|Any CPU
		{5D63B51D-7E4D-4868-8CEF-DB2419718CEA}.Debug|x86.Build.0 = Debug|Any CPU
		{5D63B51D-7E4D-4868-8CEF-DB2419718CEA}.Release|Any CPU.ActiveCfg = Release|Any CPU
		{5D63B51D-7E4D-4868-8CEF-DB2419718CEA}.Release|Any CPU.Build.0 = Release|Any CPU
		{5D63B51D-7E4D-4868-8CEF-DB2419718CEA}.Release|x64.ActiveCfg = Release|Any CPU
		{5D63B51D-7E4D-4868-8CEF-DB2419718CEA}.Release|x64.Build.0 = Release|Any CPU
		{5D63B51D-7E4D-4868-8CEF-DB2419718CEA}.Release|x86.ActiveCfg = Release|Any CPU
		{5D63B51D-7E4D-4868-8CEF-DB2419718CEA}.Release|x86.Build.0 = Release|Any CPU
		{742595A2-5344-4E28-AFD5-6BDCF7A9B729}.Debug|Any CPU.ActiveCfg = Debug|Any CPU
		{742595A2-5344-4E28-AFD5-6BDCF7A9B729}.Debug|Any CPU.Build.0 = Debug|Any CPU
		{742595A2-5344-4E28-AFD5-6BDCF7A9B729}.Debug|x64.ActiveCfg = Debug|Any CPU
		{742595A2-5344-4E28-AFD5-6BDCF7A9B729}.Debug|x64.Build.0 = Debug|Any CPU
		{742595A2-5344-4E28-AFD5-6BDCF7A9B729}.Debug|x86.ActiveCfg = Debug|Any CPU
		{742595A2-5344-4E28-AFD5-6BDCF7A9B729}.Debug|x86.Build.0 = Debug|Any CPU
		{742595A2-5344-4E28-AFD5-6BDCF7A9B729}.Release|Any CPU.ActiveCfg = Release|Any CPU
		{742595A2-5344-4E28-AFD5-6BDCF7A9B729}.Release|Any CPU.Build.0 = Release|Any CPU
		{742595A2-5344-4E28-AFD5-6BDCF7A9B729}.Release|x64.ActiveCfg = Release|Any CPU
		{742595A2-5344-4E28-AFD5-6BDCF7A9B729}.Release|x64.Build.0 = Release|Any CPU
		{742595A2-5344-4E28-AFD5-6BDCF7A9B729}.Release|x86.ActiveCfg = Release|Any CPU
		{742595A2-5344-4E28-AFD5-6BDCF7A9B729}.Release|x86.Build.0 = Release|Any CPU
		{CC5D03FB-99BB-4FD0-A2CA-ECCE983454CC}.Debug|Any CPU.ActiveCfg = Debug|Any CPU
		{CC5D03FB-99BB-4FD0-A2CA-ECCE983454CC}.Debug|Any CPU.Build.0 = Debug|Any CPU
		{CC5D03FB-99BB-4FD0-A2CA-ECCE983454CC}.Debug|x64.ActiveCfg = Debug|Any CPU
		{CC5D03FB-99BB-4FD0-A2CA-ECCE983454CC}.Debug|x64.Build.0 = Debug|Any CPU
		{CC5D03FB-99BB-4FD0-A2CA-ECCE983454CC}.Debug|x86.ActiveCfg = Debug|Any CPU
		{CC5D03FB-99BB-4FD0-A2CA-ECCE983454CC}.Debug|x86.Build.0 = Debug|Any CPU
		{CC5D03FB-99BB-4FD0-A2CA-ECCE983454CC}.Release|Any CPU.ActiveCfg = Release|Any CPU
		{CC5D03FB-99BB-4FD0-A2CA-ECCE983454CC}.Release|Any CPU.Build.0 = Release|Any CPU
		{CC5D03FB-99BB-4FD0-A2CA-ECCE983454CC}.Release|x64.ActiveCfg = Release|Any CPU
		{CC5D03FB-99BB-4FD0-A2CA-ECCE983454CC}.Release|x64.Build.0 = Release|Any CPU
		{CC5D03FB-99BB-4FD0-A2CA-ECCE983454CC}.Release|x86.ActiveCfg = Release|Any CPU
		{CC5D03FB-99BB-4FD0-A2CA-ECCE983454CC}.Release|x86.Build.0 = Release|Any CPU
	EndGlobalSection
	GlobalSection(SolutionProperties) = preSolution
		HideSolutionNode = FALSE
	EndGlobalSection
	GlobalSection(NestedProjects) = preSolution
		{742595A2-5344-4E28-AFD5-6BDCF7A9B729} = {101FAF12-0301-4572-959A-3E0C54ED991E}
		{CC5D03FB-99BB-4FD0-A2CA-ECCE983454CC} = {101FAF12-0301-4572-959A-3E0C54ED991E}
	EndGlobalSection
	GlobalSection(ExtensibilityGlobals) = postSolution
		SolutionGuid = {3E0A5D15-3647-4BC7-B133-8526242EC901}
	EndGlobalSection
EndGlobal
